
Microsoft Visual Studio Solution File, Format Version 12.00
# Visual Studio Version 17
VisualStudioVersion = 17.1.32319.34
MinimumVisualStudioVersion = 10.0.40219.1
Project("{8BC9CEB8-8B4A-11D0-8D11-00A0C91BC942}") = "text_4_1", "text_4_1.vcxproj", "{988CA5B1-A161-49AF-A42B-C59C65C98366}"
EndProject
Global
	GlobalSection(SolutionConfigurationPlatforms) = preSolution
		Debug|x64 = Debug|x64
		Debug|x86 = Debug|x86
		Release|x64 = Release|x64
		Release|x86 = Release|x86
	EndGlobalSection
	GlobalSection(ProjectConfigurationPlatforms) = postSolution
		{988CA5B1-A161-49AF-A42B-C59C65C98366}.Debug|x64.ActiveCfg = Debug|x64
		{988CA5B1-A161-49AF-A42B-C59C65C98366}.Debug|x64.Build.0 = Debug|x64
		{988CA5B1-A161-49AF-A42B-C59C65C98366}.Debug|x86.ActiveCfg = Debug|Win32
		{988CA5B1-A161-49AF-A42B-C59C65C98366}.Debug|x86.Build.0 = Debug|Win32
		{988CA5B1-A161-49AF-A42B-C59C65C98366}.Release|x64.ActiveCfg = Release|x64
		{988CA5B1-A161-49AF-A42B-C59C65C98366}.Release|x64.Build.0 = Release|x64
		{988CA5B1-A161-49AF-A42B-C59C65C98366}.Release|x86.ActiveCfg = Release|Win32
		{988CA5B1-A161-49AF-A42B-C59C65C98366}.Release|x86.Build.0 = Release|Win32
	EndGlobalSection
	GlobalSection(SolutionProperties) = preSolution
		HideSolutionNode = FALSE
	EndGlobalSection
	GlobalSection(ExtensibilityGlobals) = postSolution
		SolutionGuid = {339ADB6A-312B-4501-9CDE-651200713C91}
	EndGlobalSection
EndGlobal
